lockfileVersion: '6.0'

settings:
  autoInstallPeers: true
  excludeLinksFromLockfile: false

dependencies:
  '@ts-rest/core':
    specifier: ^3.33.0
    version: 3.33.0(zod@3.22.4)
  zod:
    specifier: ^3.22.4
    version: 3.22.4

packages:

  /@ts-rest/core@3.33.0(zod@3.22.4):
    resolution: {integrity: sha512-EUV+VmHWXrtvjBcGURrAuW29ajKhteGGgbf//KcrEhq0pYuENJfxfg4mx23OXVOliuceY/kSXO4HiEYs9jH79g==}
    peerDependencies:
      zod: ^3.22.3
    peerDependenciesMeta:
      zod:
        optional: true
    dependencies:
      zod: 3.22.4
    dev: false

  /zod@3.22.4:
    resolution: {integrity: sha512-iC+8Io04lddc+mVqQ9AZ7OQ2MrUKGN+oIQyq1vemgt46jwCwLfhq7/pwnBnNXXXZb8VTVLKwp9EDkx+ryxIWmg==}
    dev: false
